github.com/cauefcr/ghook v0.0.0-20200329011510-bc4437b7a55c h1:oA+WtAza/yuI7EQ17QKwDH8XU0Kc7rQQLWt/TjzrX1k=
github.com/cauefcr/ghook v0.0.0-20200329011510-bc4437b7a55c/go.mod h1:OAoyxI9f5spVNyJR7bmTTg6515igNhhKw5S8ohLV95M=
github.com/xlab/portmidi v0.0.0-20170905165248-a2cf51204aff h1:R0TG2fhJnEEq4KZICcSzV/Q44VFVCtFFySXGnpgLlyU=
github.com/xlab/portmidi v0.0.0-20170905165248-a2cf51204aff/go.mod h1:kRHTvUB5qLpR4lUA4xxlPZyI1S0H87DNKVwfzMfB774=
